
Microsoft Visual Studio Solution File, Format Version 12.00
# Visual Studio Version 16
VisualStudioVersion = 16.0.31321.278
MinimumVisualStudioVersion = 10.0.40219.1
Project("{9A19103F-16F7-4668-BE54-9A1E7A4F7556}") = "Stocks", "Stocks\Stocks.csproj", "{5CBB8FF9-7426-49F3-97A1-FB3722D4F808}"
EndProject
Project("{9A19103F-16F7-4668-BE54-9A1E7A4F7556}") = "ConsoleApp", "ConsoleApp\ConsoleApp.csproj", "{518F537B-52F1-45F3-80EB-AC6559BC9255}"
EndProject
Project("{9A19103F-16F7-4668-BE54-9A1E7A4F7556}") = "Stocks.Domain", "Stocks.Domain\Stocks.Domain.csproj", "{E408346D-7667-44BF-94DB-1B5A6E963677}"
EndProject
Project("{9A19103F-16F7-4668-BE54-9A1E7A4F7556}") = "Stocks.Domain.Shared", "Stocks.Shared\Stocks.Domain.Shared.csproj", "{6E6B1B7B-5F43-4388-B993-1E96D8F15C26}"
EndProject
Project("{9A19103F-16F7-4668-BE54-9A1E7A4F7556}") = "Stocks.Domain.Infra", "Stocks.Domain.Infra\Stocks.Domain.Infra.csproj", "{817DBEB1-104F-47E2-9C5A-CB3AEB3E1C1F}"
EndProject
Project("{9A19103F-16F7-4668-BE54-9A1E7A4F7556}") = "Stocks.Domain.Tests", "Stocks.Domain.Tests\Stocks.Domain.Tests.csproj", "{0E2C5696-B007-4714-BFAB-52ACA1CA68B8}"
EndProject
Project("{9A19103F-16F7-4668-BE54-9A1E7A4F7556}") = "Stocks.Domain.Api", "Stocks.Domain.Api\Stocks.Domain.Api.csproj", "{7CBA3B8E-8B17-4475-8518-9D2D2F393B2D}"
EndProject
Project("{9A19103F-16F7-4668-BE54-9A1E7A4F7556}") = "ClassLibrary", "ClassLibrary\ClassLibrary.csproj", "{D82F9E1C-D497-4865-AF7A-D59A48BBFCB5}"
EndProject
Global
	GlobalSection(SolutionConfigurationPlatforms) = preSolution
		Debug|Any CPU = Debug|Any CPU
		Release|Any CPU = Release|Any CPU
	EndGlobalSection
	GlobalSection(ProjectConfigurationPlatforms) = postSolution
		{5CBB8FF9-7426-49F3-97A1-FB3722D4F808}.Debug|Any CPU.ActiveCfg = Debug|Any CPU
		{5CBB8FF9-7426-49F3-97A1-FB3722D4F808}.Debug|Any CPU.Build.0 = Debug|Any CPU
		{5CBB8FF9-7426-49F3-97A1-FB3722D4F808}.Release|Any CPU.ActiveCfg = Release|Any CPU
		{5CBB8FF9-7426-49F3-97A1-FB3722D4F808}.Release|Any CPU.Build.0 = Release|Any CPU
		{518F537B-52F1-45F3-80EB-AC6559BC9255}.Debug|Any CPU.ActiveCfg = Debug|Any CPU
		{518F537B-52F1-45F3-80EB-AC6559BC9255}.Debug|Any CPU.Build.0 = Debug|Any CPU
		{518F537B-52F1-45F3-80EB-AC6559BC9255}.Release|Any CPU.ActiveCfg = Release|Any CPU
		{518F537B-52F1-45F3-80EB-AC6559BC9255}.Release|Any CPU.Build.0 = Release|Any CPU
		{E408346D-7667-44BF-94DB-1B5A6E963677}.Debug|Any CPU.ActiveCfg = Debug|Any CPU
		{E408346D-7667-44BF-94DB-1B5A6E963677}.Debug|Any CPU.Build.0 = Debug|Any CPU
		{E408346D-7667-44BF-94DB-1B5A6E963677}.Release|Any CPU.ActiveCfg = Release|Any CPU
		{E408346D-7667-44BF-94DB-1B5A6E963677}.Release|Any CPU.Build.0 = Release|Any CPU
		{6E6B1B7B-5F43-4388-B993-1E96D8F15C26}.Debug|Any CPU.ActiveCfg = Debug|Any CPU
		{6E6B1B7B-5F43-4388-B993-1E96D8F15C26}.Debug|Any CPU.Build.0 = Debug|Any CPU
		{6E6B1B7B-5F43-4388-B993-1E96D8F15C26}.Release|Any CPU.ActiveCfg = Release|Any CPU
		{6E6B1B7B-5F43-4388-B993-1E96D8F15C26}.Release|Any CPU.Build.0 = Release|Any CPU
		{817DBEB1-104F-47E2-9C5A-CB3AEB3E1C1F}.Debug|Any CPU.ActiveCfg = Debug|Any CPU
		{817DBEB1-104F-47E2-9C5A-CB3AEB3E1C1F}.Debug|Any CPU.Build.0 = Debug|Any CPU
		{817DBEB1-104F-47E2-9C5A-CB3AEB3E1C1F}.Release|Any CPU.ActiveCfg = Release|Any CPU
		{817DBEB1-104F-47E2-9C5A-CB3AEB3E1C1F}.Release|Any CPU.Build.0 = Release|Any CPU
		{0E2C5696-B007-4714-BFAB-52ACA1CA68B8}.Debug|Any CPU.ActiveCfg = Debug|Any CPU
		{0E2C5696-B007-4714-BFAB-52ACA1CA68B8}.Debug|Any CPU.Build.0 = Debug|Any CPU
		{0E2C5696-B007-4714-BFAB-52ACA1CA68B8}.Release|Any CPU.ActiveCfg = Release|Any CPU
		{0E2C5696-B007-4714-BFAB-52ACA1CA68B8}.Release|Any CPU.Build.0 = Release|Any CPU
		{7CBA3B8E-8B17-4475-8518-9D2D2F393B2D}.Debug|Any CPU.ActiveCfg = Debug|Any CPU
		{7CBA3B8E-8B17-4475-8518-9D2D2F393B2D}.Debug|Any CPU.Build.0 = Debug|Any CPU
		{7CBA3B8E-8B17-4475-8518-9D2D2F393B2D}.Release|Any CPU.ActiveCfg = Release|Any CPU
		{7CBA3B8E-8B17-4475-8518-9D2D2F393B2D}.Release|Any CPU.Build.0 = Release|Any CPU
		{D82F9E1C-D497-4865-AF7A-D59A48BBFCB5}.Debug|Any CPU.ActiveCfg = Debug|Any CPU
		{D82F9E1C-D497-4865-AF7A-D59A48BBFCB5}.Debug|Any CPU.Build.0 = Debug|Any CPU
		{D82F9E1C-D497-4865-AF7A-D59A48BBFCB5}.Release|Any CPU.ActiveCfg = Release|Any CPU
		{D82F9E1C-D497-4865-AF7A-D59A48BBFCB5}.Release|Any CPU.Build.0 = Release|Any CPU
	EndGlobalSection
	GlobalSection(SolutionProperties) = preSolution
		HideSolutionNode = FALSE
	EndGlobalSection
	GlobalSection(ExtensibilityGlobals) = postSolution
		SolutionGuid = {B9CAEF9D-4945-46A8-8DF7-D6FA68FC0C2F}
	EndGlobalSection
EndGlobal
